
Microsoft Visual Studio Solution File, Format Version 12.00
# Visual Studio Version 17
VisualStudioVersion = 17.6.33829.357
MinimumVisualStudioVersion = 10.0.40219.1
Project("{9A19103F-16F7-4668-BE54-9A1E7A4F7556}") = "BffAzureAD.Server", "server\BffAzureAD.Server.csproj", "{586272BB-19BC-4BAB-976F-5DC1E778257E}"
EndProject
Project("{2150E333-8FDC-42A3-9474-1A3956D46DE8}") = "Solution Items", "Solution Items", "{9D8FB767-F7A7-4A5B-A4E9-DC6DB6BCD941}"
	ProjectSection(SolutionItems) = preProject
		CHANGELOG.md = CHANGELOG.md
		README.md = README.md
	EndProjectSection
EndProject
Global
	GlobalSection(SolutionConfigurationPlatforms) = preSolution
		Debug|Any CPU = Debug|Any CPU
		Release|Any CPU = Release|Any CPU
	EndGlobalSection
	GlobalSection(ProjectConfigurationPlatforms) = postSolution
		{586272BB-19BC-4BAB-976F-5DC1E778257E}.Debug|Any CPU.ActiveCfg = Debug|Any CPU
		{586272BB-19BC-4BAB-976F-5DC1E778257E}.Debug|Any CPU.Build.0 = Debug|Any CPU
		{586272BB-19BC-4BAB-976F-5DC1E778257E}.Release|Any CPU.ActiveCfg = Release|Any CPU
		{586272BB-19BC-4BAB-976F-5DC1E778257E}.Release|Any CPU.Build.0 = Release|Any CPU
	EndGlobalSection
	GlobalSection(SolutionProperties) = preSolution
		HideSolutionNode = FALSE
	EndGlobalSection
	GlobalSection(ExtensibilityGlobals) = postSolution
		SolutionGuid = {BD95AC6A-7177-42CE-AB6C-8BFF7958FDC2}
	EndGlobalSection
EndGlobal
